
Microsoft Visual Studio Solution File, Format Version 12.00
# Visual Studio 14
VisualStudioVersion = 14.0.25420.1
MinimumVisualStudioVersion = 10.0.40219.1
Project("{FAE04EC0-301F-11D3-BF4B-00C04F79EFBC}") = "Application_Service", "Application_Service\Application_Service.csproj", "{4EBFA1C0-B754-49B8-9C8D-EC3D2E701BF6}"
EndProject
Project("{FAE04EC0-301F-11D3-BF4B-00C04F79EFBC}") = "Application_Report", "Application_Report\Application_Report.csproj", "{20BFFFB2-BCFB-4FB5-BB8C-0AB25F1B5029}"
EndProject
Project("{FAE04EC0-301F-11D3-BF4B-00C04F79EFBC}") = "Application_Form", "Application_Form\Application_Form.csproj", "{B7141A8C-1CE2-44CB-86C5-627B966B2BF0}"
EndProject
Project("{54435603-DBB4-11D2-8724-00A0C9A8B90C}") = "Setup", "Setup\Setup.vdproj", "{124C98BD-365B-4789-BD2C-66B6A57CEB53}"
EndProject
Global
	GlobalSection(SolutionConfigurationPlatforms) = preSolution
		All|Any CPU = All|Any CPU
		All|Mixed Platforms = All|Mixed Platforms
		All|x86 = All|x86
		Debug|Any CPU = Debug|Any CPU
		Debug|Mixed Platforms = Debug|Mixed Platforms
		Debug|x86 = Debug|x86
		DefaultBuild|Any CPU = DefaultBuild|Any CPU
		DefaultBuild|Mixed Platforms = DefaultBuild|Mixed Platforms
		DefaultBuild|x86 = DefaultBuild|x86
		Release|Any CPU = Release|Any CPU
		Release|Mixed Platforms = Release|Mixed Platforms
		Release|x86 = Release|x86
	EndGlobalSection
	GlobalSection(ProjectConfigurationPlatforms) = postSolution
		{4EBFA1C0-B754-49B8-9C8D-EC3D2E701BF6}.All|Any CPU.ActiveCfg = Release|Any CPU
		{4EBFA1C0-B754-49B8-9C8D-EC3D2E701BF6}.All|Any CPU.Build.0 = Release|Any CPU
		{4EBFA1C0-B754-49B8-9C8D-EC3D2E701BF6}.All|Mixed Platforms.ActiveCfg = Release|x86
		{4EBFA1C0-B754-49B8-9C8D-EC3D2E701BF6}.All|Mixed Platforms.Build.0 = Release|x86
		{4EBFA1C0-B754-49B8-9C8D-EC3D2E701BF6}.All|x86.ActiveCfg = Release|x86
		{4EBFA1C0-B754-49B8-9C8D-EC3D2E701BF6}.All|x86.Build.0 = Release|x86
		{4EBFA1C0-B754-49B8-9C8D-EC3D2E701BF6}.Debug|Any CPU.ActiveCfg = Debug|Any CPU
		{4EBFA1C0-B754-49B8-9C8D-EC3D2E701BF6}.Debug|Any CPU.Build.0 = Debug|Any CPU
		{4EBFA1C0-B754-49B8-9C8D-EC3D2E701BF6}.Debug|Mixed Platforms.ActiveCfg = Debug|x86
		{4EBFA1C0-B754-49B8-9C8D-EC3D2E701BF6}.Debug|Mixed Platforms.Build.0 = Debug|x86
		{4EBFA1C0-B754-49B8-9C8D-EC3D2E701BF6}.Debug|x86.ActiveCfg = Debug|x86
		{4EBFA1C0-B754-49B8-9C8D-EC3D2E701BF6}.Debug|x86.Build.0 = Debug|x86
		{4EBFA1C0-B754-49B8-9C8D-EC3D2E701BF6}.DefaultBuild|Any CPU.ActiveCfg = Debug|Any CPU
		{4EBFA1C0-B754-49B8-9C8D-EC3D2E701BF6}.DefaultBuild|Any CPU.Build.0 = Debug|Any CPU
		{4EBFA1C0-B754-49B8-9C8D-EC3D2E701BF6}.DefaultBuild|Mixed Platforms.ActiveCfg = Debug|x86
		{4EBFA1C0-B754-49B8-9C8D-EC3D2E701BF6}.DefaultBuild|Mixed Platforms.Build.0 = Debug|x86
		{4EBFA1C0-B754-49B8-9C8D-EC3D2E701BF6}.DefaultBuild|x86.ActiveCfg = Debug|x86
		{4EBFA1C0-B754-49B8-9C8D-EC3D2E701BF6}.DefaultBuild|x86.Build.0 = Debug|x86
		{4EBFA1C0-B754-49B8-9C8D-EC3D2E701BF6}.Release|Any CPU.ActiveCfg = Release|Any CPU
		{4EBFA1C0-B754-49B8-9C8D-EC3D2E701BF6}.Release|Any CPU.Build.0 = Release|Any CPU
		{4EBFA1C0-B754-49B8-9C8D-EC3D2E701BF6}.Release|Mixed Platforms.ActiveCfg = Release|x86
		{4EBFA1C0-B754-49B8-9C8D-EC3D2E701BF6}.Release|Mixed Platforms.Build.0 = Release|x86
		{4EBFA1C0-B754-49B8-9C8D-EC3D2E701BF6}.Release|x86.ActiveCfg = Release|x86
		{4EBFA1C0-B754-49B8-9C8D-EC3D2E701BF6}.Release|x86.Build.0 = Release|x86
		{20BFFFB2-BCFB-4FB5-BB8C-0AB25F1B5029}.All|Any CPU.ActiveCfg = Release|Any CPU
		{20BFFFB2-BCFB-4FB5-BB8C-0AB25F1B5029}.All|Any CPU.Build.0 = Release|Any CPU
		{20BFFFB2-BCFB-4FB5-BB8C-0AB25F1B5029}.All|Mixed Platforms.ActiveCfg = Release|x86
		{20BFFFB2-BCFB-4FB5-BB8C-0AB25F1B5029}.All|Mixed Platforms.Build.0 = Release|x86
		{20BFFFB2-BCFB-4FB5-BB8C-0AB25F1B5029}.All|x86.ActiveCfg = Release|x86
		{20BFFFB2-BCFB-4FB5-BB8C-0AB25F1B5029}.All|x86.Build.0 = Release|x86
		{20BFFFB2-BCFB-4FB5-BB8C-0AB25F1B5029}.Debug|Any CPU.ActiveCfg = Debug|Any CPU
		{20BFFFB2-BCFB-4FB5-BB8C-0AB25F1B5029}.Debug|Any CPU.Build.0 = Debug|Any CPU
		{20BFFFB2-BCFB-4FB5-BB8C-0AB25F1B5029}.Debug|Mixed Platforms.ActiveCfg = Debug|x86
		{20BFFFB2-BCFB-4FB5-BB8C-0AB25F1B5029}.Debug|Mixed Platforms.Build.0 = Debug|x86
		{20BFFFB2-BCFB-4FB5-BB8C-0AB25F1B5029}.Debug|x86.ActiveCfg = Debug|x86
		{20BFFFB2-BCFB-4FB5-BB8C-0AB25F1B5029}.Debug|x86.Build.0 = Debug|x86
		{20BFFFB2-BCFB-4FB5-BB8C-0AB25F1B5029}.DefaultBuild|Any CPU.ActiveCfg = Debug|Any CPU
		{20BFFFB2-BCFB-4FB5-BB8C-0AB25F1B5029}.DefaultBuild|Any CPU.Build.0 = Debug|Any CPU
		{20BFFFB2-BCFB-4FB5-BB8C-0AB25F1B5029}.DefaultBuild|Mixed Platforms.ActiveCfg = Debug|x86
		{20BFFFB2-BCFB-4FB5-BB8C-0AB25F1B5029}.DefaultBuild|Mixed Platforms.Build.0 = Debug|x86
		{20BFFFB2-BCFB-4FB5-BB8C-0AB25F1B5029}.DefaultBuild|x86.ActiveCfg = Debug|x86
		{20BFFFB2-BCFB-4FB5-BB8C-0AB25F1B5029}.DefaultBuild|x86.Build.0 = Debug|x86
		{20BFFFB2-BCFB-4FB5-BB8C-0AB25F1B5029}.Release|Any CPU.ActiveCfg = Release|Any CPU
		{20BFFFB2-BCFB-4FB5-BB8C-0AB25F1B5029}.Release|Any CPU.Build.0 = Release|Any CPU
		{20BFFFB2-BCFB-4FB5-BB8C-0AB25F1B5029}.Release|Mixed Platforms.ActiveCfg = Release|x86
		{20BFFFB2-BCFB-4FB5-BB8C-0AB25F1B5029}.Release|Mixed Platforms.Build.0 = Release|x86
		{20BFFFB2-BCFB-4FB5-BB8C-0AB25F1B5029}.Release|x86.ActiveCfg = Release|x86
		{20BFFFB2-BCFB-4FB5-BB8C-0AB25F1B5029}.Release|x86.Build.0 = Release|x86
		{B7141A8C-1CE2-44CB-86C5-627B966B2BF0}.All|Any CPU.ActiveCfg = Release|Any CPU
		{B7141A8C-1CE2-44CB-86C5-627B966B2BF0}.All|Any CPU.Build.0 = Release|Any CPU
		{B7141A8C-1CE2-44CB-86C5-627B966B2BF0}.All|Mixed Platforms.ActiveCfg = Release|Any CPU
		{B7141A8C-1CE2-44CB-86C5-627B966B2BF0}.All|Mixed Platforms.Build.0 = Release|Any CPU
		{B7141A8C-1CE2-44CB-86C5-627B966B2BF0}.All|x86.ActiveCfg = Release|Any CPU
		{B7141A8C-1CE2-44CB-86C5-627B966B2BF0}.Debug|Any CPU.ActiveCfg = Debug|Any CPU
		{B7141A8C-1CE2-44CB-86C5-627B966B2BF0}.Debug|Any CPU.Build.0 = Debug|Any CPU
		{B7141A8C-1CE2-44CB-86C5-627B966B2BF0}.Debug|Mixed Platforms.ActiveCfg = Debug|Any CPU
		{B7141A8C-1CE2-44CB-86C5-627B966B2BF0}.Debug|Mixed Platforms.Build.0 = Debug|Any CPU
		{B7141A8C-1CE2-44CB-86C5-627B966B2BF0}.Debug|x86.ActiveCfg = Debug|Any CPU
		{B7141A8C-1CE2-44CB-86C5-627B966B2BF0}.Debug|x86.Build.0 = Debug|Any CPU
		{B7141A8C-1CE2-44CB-86C5-627B966B2BF0}.DefaultBuild|Any CPU.ActiveCfg = Debug|Any CPU
		{B7141A8C-1CE2-44CB-86C5-627B966B2BF0}.DefaultBuild|Any CPU.Build.0 = Debug|Any CPU
		{B7141A8C-1CE2-44CB-86C5-627B966B2BF0}.DefaultBuild|Mixed Platforms.ActiveCfg = Debug|Any CPU
		{B7141A8C-1CE2-44CB-86C5-627B966B2BF0}.DefaultBuild|Mixed Platforms.Build.0 = Debug|Any CPU
		{B7141A8C-1CE2-44CB-86C5-627B966B2BF0}.DefaultBuild|x86.ActiveCfg = Debug|Any CPU
		{B7141A8C-1CE2-44CB-86C5-627B966B2BF0}.Release|Any CPU.ActiveCfg = Release|Any CPU
		{B7141A8C-1CE2-44CB-86C5-627B966B2BF0}.Release|Any CPU.Build.0 = Release|Any CPU
		{B7141A8C-1CE2-44CB-86C5-627B966B2BF0}.Release|Mixed Platforms.ActiveCfg = Release|Any CPU
		{B7141A8C-1CE2-44CB-86C5-627B966B2BF0}.Release|Mixed Platforms.Build.0 = Release|Any CPU
		{B7141A8C-1CE2-44CB-86C5-627B966B2BF0}.Release|x86.ActiveCfg = Release|Any CPU
		{B7141A8C-1CE2-44CB-86C5-627B966B2BF0}.Release|x86.Build.0 = Release|Any CPU
		{124C98BD-365B-4789-BD2C-66B6A57CEB53}.All|Any CPU.ActiveCfg = Release
		{124C98BD-365B-4789-BD2C-66B6A57CEB53}.All|Any CPU.Build.0 = Release
		{124C98BD-365B-4789-BD2C-66B6A57CEB53}.All|Mixed Platforms.ActiveCfg = Release
		{124C98BD-365B-4789-BD2C-66B6A57CEB53}.All|Mixed Platforms.Build.0 = Release
		{124C98BD-365B-4789-BD2C-66B6A57CEB53}.All|x86.ActiveCfg = Release
		{124C98BD-365B-4789-BD2C-66B6A57CEB53}.All|x86.Build.0 = Release
		{124C98BD-365B-4789-BD2C-66B6A57CEB53}.Debug|Any CPU.ActiveCfg = Debug
		{124C98BD-365B-4789-BD2C-66B6A57CEB53}.Debug|Any CPU.Build.0 = Debug
		{124C98BD-365B-4789-BD2C-66B6A57CEB53}.Debug|Mixed Platforms.ActiveCfg = Debug
		{124C98BD-365B-4789-BD2C-66B6A57CEB53}.Debug|Mixed Platforms.Build.0 = Debug
		{124C98BD-365B-4789-BD2C-66B6A57CEB53}.Debug|x86.ActiveCfg = Debug
		{124C98BD-365B-4789-BD2C-66B6A57CEB53}.Debug|x86.Build.0 = Debug
		{124C98BD-365B-4789-BD2C-66B6A57CEB53}.DefaultBuild|Any CPU.ActiveCfg = Debug
		{124C98BD-365B-4789-BD2C-66B6A57CEB53}.DefaultBuild|Any CPU.Build.0 = Debug
		{124C98BD-365B-4789-BD2C-66B6A57CEB53}.DefaultBuild|Mixed Platforms.ActiveCfg = Debug
		{124C98BD-365B-4789-BD2C-66B6A57CEB53}.DefaultBuild|Mixed Platforms.Build.0 = Debug
		{124C98BD-365B-4789-BD2C-66B6A57CEB53}.DefaultBuild|x86.ActiveCfg = Debug
		{124C98BD-365B-4789-BD2C-66B6A57CEB53}.DefaultBuild|x86.Build.0 = Debug
		{124C98BD-365B-4789-BD2C-66B6A57CEB53}.Release|Any CPU.ActiveCfg = Release
		{124C98BD-365B-4789-BD2C-66B6A57CEB53}.Release|Any CPU.Build.0 = Release
		{124C98BD-365B-4789-BD2C-66B6A57CEB53}.Release|Mixed Platforms.ActiveCfg = Release
		{124C98BD-365B-4789-BD2C-66B6A57CEB53}.Release|Mixed Platforms.Build.0 = Release
		{124C98BD-365B-4789-BD2C-66B6A57CEB53}.Release|x86.ActiveCfg = Release
		{124C98BD-365B-4789-BD2C-66B6A57CEB53}.Release|x86.Build.0 = Release
	EndGlobalSection
	GlobalSection(SolutionProperties) = preSolution
		HideSolutionNode = FALSE
	EndGlobalSection
EndGlobal
